# Native/bare-metal deployment artifact record.
# Fill every value for the target host before runtime certification.
ODOO_SOURCE_COMMIT=
ODOO_LLM_SOURCE_COMMIT=
POSTGRES_MAJOR=16
PGVECTOR_PACKAGE=
PGVECTOR_PACKAGE_VERSION=
REDIS_PACKAGE=redis-server
REDIS_PACKAGE_VERSION=
VLLM_VERSION=
CHAT_MODEL_REVISION=
REASONING_MODEL_REVISION=
VISION_MODEL_REVISION=
EMBEDDING_MODEL_REVISION=
FRONTEND_ARTIFACT_SHA256=
NODE_RUNTIME_VERSION=
PYTHON_RUNTIME_VERSION=
