# Immutable deployment artifact contract.
# Production install fails unless every value below is supplied as an immutable digest/revision.
ODOO_IMAGE_DIGEST=
POSTGRES_PGVECTOR_IMAGE_DIGEST=
REDIS_IMAGE_DIGEST=
VLLM_IMAGE_DIGEST=
CHAT_MODEL_REVISION=
REASONING_MODEL_REVISION=
VISION_MODEL_REVISION=
EMBEDDING_MODEL_REVISION=
FRONTEND_ARTIFACT_DIGEST=
NODE_MAJOR=22
NODE_MIN_VERSION=22.16.0
PYTHON_VERSION=3.12.0
